
Microsoft Visual Studio Solution File, Format Version 12.00
# Visual Studio Version 16
VisualStudioVersion = 16.0.30114.105
MinimumVisualStudioVersion = 10.0.40219.1
Project("{FAE04EC0-301F-11D3-BF4B-00C04F79EFBC}") = "LightHistory.Domain", "LightHistory.Domain\LightHistory.Domain.csproj", "{5DCD77C4-0D92-4399-9B8D-4DFF02D410AB}"
EndProject
Project("{FAE04EC0-301F-11D3-BF4B-00C04F79EFBC}") = "LightHistory.Infrastructure", "LightHistory.Infrastructure\LightHistory.Infrastructure.csproj", "{DE4EF049-1A50-4642-A9BF-02809EB22FEE}"
EndProject
Project("{FAE04EC0-301F-11D3-BF4B-00C04F79EFBC}") = "LightHistory.Application", "LightHistory.Application\LightHistory.Application.csproj", "{9F4DBA67-D836-4E57-98CF-4EF9A8A37F63}"
EndProject
Project("{FAE04EC0-301F-11D3-BF4B-00C04F79EFBC}") = "LightHistory.Api", "LightHistory.Api\LightHistory.Api.csproj", "{F16F1FA6-365B-4604-BC37-9493D5A595A9}"
EndProject
Global
	GlobalSection(SolutionConfigurationPlatforms) = preSolution
		Debug|Any CPU = Debug|Any CPU
		Debug|x64 = Debug|x64
		Debug|x86 = Debug|x86
		Release|Any CPU = Release|Any CPU
		Release|x64 = Release|x64
		Release|x86 = Release|x86
	EndGlobalSection
	GlobalSection(SolutionProperties) = preSolution
		HideSolutionNode = FALSE
	EndGlobalSection
	GlobalSection(ProjectConfigurationPlatforms) = postSolution
		{5DCD77C4-0D92-4399-9B8D-4DFF02D410AB}.Debug|Any CPU.ActiveCfg = Debug|Any CPU
		{5DCD77C4-0D92-4399-9B8D-4DFF02D410AB}.Debug|Any CPU.Build.0 = Debug|Any CPU
		{5DCD77C4-0D92-4399-9B8D-4DFF02D410AB}.Debug|x64.ActiveCfg = Debug|Any CPU
		{5DCD77C4-0D92-4399-9B8D-4DFF02D410AB}.Debug|x64.Build.0 = Debug|Any CPU
		{5DCD77C4-0D92-4399-9B8D-4DFF02D410AB}.Debug|x86.ActiveCfg = Debug|Any CPU
		{5DCD77C4-0D92-4399-9B8D-4DFF02D410AB}.Debug|x86.Build.0 = Debug|Any CPU
		{5DCD77C4-0D92-4399-9B8D-4DFF02D410AB}.Release|Any CPU.ActiveCfg = Release|Any CPU
		{5DCD77C4-0D92-4399-9B8D-4DFF02D410AB}.Release|Any CPU.Build.0 = Release|Any CPU
		{5DCD77C4-0D92-4399-9B8D-4DFF02D410AB}.Release|x64.ActiveCfg = Release|Any CPU
		{5DCD77C4-0D92-4399-9B8D-4DFF02D410AB}.Release|x64.Build.0 = Release|Any CPU
		{5DCD77C4-0D92-4399-9B8D-4DFF02D410AB}.Release|x86.ActiveCfg = Release|Any CPU
		{5DCD77C4-0D92-4399-9B8D-4DFF02D410AB}.Release|x86.Build.0 = Release|Any CPU
		{DE4EF049-1A50-4642-A9BF-02809EB22FEE}.Debug|Any CPU.ActiveCfg = Debug|Any CPU
		{DE4EF049-1A50-4642-A9BF-02809EB22FEE}.Debug|Any CPU.Build.0 = Debug|Any CPU
		{DE4EF049-1A50-4642-A9BF-02809EB22FEE}.Debug|x64.ActiveCfg = Debug|Any CPU
		{DE4EF049-1A50-4642-A9BF-02809EB22FEE}.Debug|x64.Build.0 = Debug|Any CPU
		{DE4EF049-1A50-4642-A9BF-02809EB22FEE}.Debug|x86.ActiveCfg = Debug|Any CPU
		{DE4EF049-1A50-4642-A9BF-02809EB22FEE}.Debug|x86.Build.0 = Debug|Any CPU
		{DE4EF049-1A50-4642-A9BF-02809EB22FEE}.Release|Any CPU.ActiveCfg = Release|Any CPU
		{DE4EF049-1A50-4642-A9BF-02809EB22FEE}.Release|Any CPU.Build.0 = Release|Any CPU
		{DE4EF049-1A50-4642-A9BF-02809EB22FEE}.Release|x64.ActiveCfg = Release|Any CPU
		{DE4EF049-1A50-4642-A9BF-02809EB22FEE}.Release|x64.Build.0 = Release|Any CPU
		{DE4EF049-1A50-4642-A9BF-02809EB22FEE}.Release|x86.ActiveCfg = Release|Any CPU
		{DE4EF049-1A50-4642-A9BF-02809EB22FEE}.Release|x86.Build.0 = Release|Any CPU
		{9F4DBA67-D836-4E57-98CF-4EF9A8A37F63}.Debug|Any CPU.ActiveCfg = Debug|Any CPU
		{9F4DBA67-D836-4E57-98CF-4EF9A8A37F63}.Debug|Any CPU.Build.0 = Debug|Any CPU
		{9F4DBA67-D836-4E57-98CF-4EF9A8A37F63}.Debug|x64.ActiveCfg = Debug|Any CPU
		{9F4DBA67-D836-4E57-98CF-4EF9A8A37F63}.Debug|x64.Build.0 = Debug|Any CPU
		{9F4DBA67-D836-4E57-98CF-4EF9A8A37F63}.Debug|x86.ActiveCfg = Debug|Any CPU
		{9F4DBA67-D836-4E57-98CF-4EF9A8A37F63}.Debug|x86.Build.0 = Debug|Any CPU
		{9F4DBA67-D836-4E57-98CF-4EF9A8A37F63}.Release|Any CPU.ActiveCfg = Release|Any CPU
		{9F4DBA67-D836-4E57-98CF-4EF9A8A37F63}.Release|Any CPU.Build.0 = Release|Any CPU
		{9F4DBA67-D836-4E57-98CF-4EF9A8A37F63}.Release|x64.ActiveCfg = Release|Any CPU
		{9F4DBA67-D836-4E57-98CF-4EF9A8A37F63}.Release|x64.Build.0 = Release|Any CPU
		{9F4DBA67-D836-4E57-98CF-4EF9A8A37F63}.Release|x86.ActiveCfg = Release|Any CPU
		{9F4DBA67-D836-4E57-98CF-4EF9A8A37F63}.Release|x86.Build.0 = Release|Any CPU
		{F16F1FA6-365B-4604-BC37-9493D5A595A9}.Debug|Any CPU.ActiveCfg = Debug|Any CPU
		{F16F1FA6-365B-4604-BC37-9493D5A595A9}.Debug|Any CPU.Build.0 = Debug|Any CPU
		{F16F1FA6-365B-4604-BC37-9493D5A595A9}.Debug|x64.ActiveCfg = Debug|Any CPU
		{F16F1FA6-365B-4604-BC37-9493D5A595A9}.Debug|x64.Build.0 = Debug|Any CPU
		{F16F1FA6-365B-4604-BC37-9493D5A595A9}.Debug|x86.ActiveCfg = Debug|Any CPU
		{F16F1FA6-365B-4604-BC37-9493D5A595A9}.Debug|x86.Build.0 = Debug|Any CPU
		{F16F1FA6-365B-4604-BC37-9493D5A595A9}.Release|Any CPU.ActiveCfg = Release|Any CPU
		{F16F1FA6-365B-4604-BC37-9493D5A595A9}.Release|Any CPU.Build.0 = Release|Any CPU
		{F16F1FA6-365B-4604-BC37-9493D5A595A9}.Release|x64.ActiveCfg = Release|Any CPU
		{F16F1FA6-365B-4604-BC37-9493D5A595A9}.Release|x64.Build.0 = Release|Any CPU
		{F16F1FA6-365B-4604-BC37-9493D5A595A9}.Release|x86.ActiveCfg = Release|Any CPU
		{F16F1FA6-365B-4604-BC37-9493D5A595A9}.Release|x86.Build.0 = Release|Any CPU
	EndGlobalSection
EndGlobal
